// !$*UTF8*$!
{
	archiveVersion = 1;
	classes = {
	};
	objectVersion = 77;
	objects = {

/* Begin PBXBuildFile section */
		A9E91F202CEE628000475BB1 /* GratitudeJournalApp.swift in Sources */ = {isa = PBXBuildFile; fileRef = A9E91F1F2CEE628000475BB1 /* GratitudeJournalApp.swift */; };
		A9E91F222CEE628000475BB1 /* JournalView.swift in Sources */ = {isa = PBXBuildFile; fileRef = A9E91F212CEE628000475BB1 /* JournalView.swift */; };
		A9E91F242CEE628000475BB1 /* Entry.swift in Sources */ = {isa = PBXBuildFile; fileRef = A9E91F232CEE628000475BB1 /* Entry.swift */; };
		A9E91F262CEE628100475BB1 /* Assets.xcassets in Resources */ = {isa = PBXBuildFile; fileRef = A9E91F252CEE628100475BB1 /* Assets.xcassets */; };
		A9E91F622CEE6B5300475BB1 /* User.swift in Sources */ = {isa = PBXBuildFile; fileRef = A9E91F612CEE6B4E00475BB1 /* User.swift */; };
		A9E91F642CEE6D0900475BB1 /* JournalViewModel.swift in Sources */ = {isa = PBXBuildFile; fileRef = A9E91F632CEE6D0300475BB1 /* JournalViewModel.swift */; };
		A9E91F6C2CF0F7D500475BB1 /* MainView.swift in Sources */ = {isa = PBXBuildFile; fileRef = A9E91F6B2CF0F7D500475BB1 /* MainView.swift */; };
		A9E91F6E2CF0F7F600475BB1 /* MainViewModel.swift in Sources */ = {isa = PBXBuildFile; fileRef = A9E91F6D2CF0F7F600475BB1 /* MainViewModel.swift */; };
		A9E91F702CF0FEA600475BB1 /* SettingsView.swift in Sources */ = {isa = PBXBuildFile; fileRef = A9E91F6F2CF0FEA600475BB1 /* SettingsView.swift */; };
		A9E91F742CF102FD00475BB1 /* EntryDetailView.swift in Sources */ = {isa = PBXBuildFile; fileRef = A9E91F732CF102FD00475BB1 /* EntryDetailView.swift */; };
		A9E91F762CF1031E00475BB1 /* EntryDetailViewModel.swift in Sources */ = {isa = PBXBuildFile; fileRef = A9E91F752CF1031E00475BB1 /* EntryDetailViewModel.swift */; };
		A9E91F782CF105A200475BB1 /* ModelContext.swift in Sources */ = {isa = PBXBuildFile; fileRef = A9E91F772CF1059800475BB1 /* ModelContext.swift */; };
		A9E91F7D2CF1060600475BB1 /* DataController.swift in Sources */ = {isa = PBXBuildFile; fileRef = A9E91F7C2CF1060100475BB1 /* DataController.swift */; };
/* End PBXBuildFile section */

/* Begin PBXContainerItemProxy section */
		A9E91F302CEE628100475BB1 /* PBXContainerItemProxy */ = {
			isa = PBXContainerItemProxy;
			containerPortal = A9E91F142CEE628000475BB1 /* Project object */;
			proxyType = 1;
			remoteGlobalIDString = A9E91F1B2CEE628000475BB1;
			remoteInfo = GratitudeJournal;
		};
/* End PBXContainerItemProxy section */

/* Begin PBXFileReference section */
		A9E91F1C2CEE628000475BB1 /* GratitudeJournal.app */ = {isa = PBXFileReference; explicitFileType = wrapper.application; includeInIndex = 0; path = GratitudeJournal.app; sourceTree = BUILT_PRODUCTS_DIR; };
		A9E91F1F2CEE628000475BB1 /* GratitudeJournalApp.swift */ = {isa = PBXFileReference; lastKnownFileType = sourcecode.swift; path = GratitudeJournalApp.swift; sourceTree = "<group>"; };
		A9E91F212CEE628000475BB1 /* JournalView.swift */ = {isa = PBXFileReference; lastKnownFileType = sourcecode.swift; path = JournalView.swift; sourceTree = "<group>"; };
		A9E91F232CEE628000475BB1 /* Entry.swift */ = {isa = PBXFileReference; lastKnownFileType = sourcecode.swift; path = Entry.swift; sourceTree = "<group>"; };
		A9E91F252CEE628100475BB1 /* Assets.xcassets */ = {isa = PBXFileReference; lastKnownFileType = folder.assetcatalog; path = Assets.xcassets; sourceTree = "<group>"; };
		A9E91F272CEE628100475BB1 /* GratitudeJournal.entitlements */ = {isa = PBXFileReference; lastKnownFileType = text.plist.entitlements; path = GratitudeJournal.entitlements; sourceTree = "<group>"; };
		A9E91F2F2CEE628100475BB1 /* GratitudeJournalTests.xctest */ = {isa = PBXFileReference; explicitFileType = wrapper.cfbundle; includeInIndex = 0; path = GratitudeJournalTests.xctest; sourceTree = BUILT_PRODUCTS_DIR; };
		A9E91F612CEE6B4E00475BB1 /* User.swift */ = {isa = PBXFileReference; lastKnownFileType = sourcecode.swift; path = User.swift; sourceTree = "<group>"; };
		A9E91F632CEE6D0300475BB1 /* JournalViewModel.swift */ = {isa = PBXFileReference; lastKnownFileType = sourcecode.swift; path = JournalViewModel.swift; sourceTree = "<group>"; };
		A9E91F6B2CF0F7D500475BB1 /* MainView.swift */ = {isa = PBXFileReference; lastKnownFileType = sourcecode.swift; path = MainView.swift; sourceTree = "<group>"; };
		A9E91F6D2CF0F7F600475BB1 /* MainViewModel.swift */ = {isa = PBXFileReference; lastKnownFileType = sourcecode.swift; path = MainViewModel.swift; sourceTree = "<group>"; };
		A9E91F6F2CF0FEA600475BB1 /* SettingsView.swift */ = {isa = PBXFileReference; lastKnownFileType = sourcecode.swift; path = SettingsView.swift; sourceTree = "<group>"; };
		A9E91F732CF102FD00475BB1 /* EntryDetailView.swift */ = {isa = PBXFileReference; lastKnownFileType = sourcecode.swift; path = EntryDetailView.swift; sourceTree = "<group>"; };
		A9E91F752CF1031E00475BB1 /* EntryDetailViewModel.swift */ = {isa = PBXFileReference; lastKnownFileType = sourcecode.swift; path = EntryDetailViewModel.swift; sourceTree = "<group>"; };
		A9E91F772CF1059800475BB1 /* ModelContext.swift */ = {isa = PBXFileReference; lastKnownFileType = sourcecode.swift; path = ModelContext.swift; sourceTree = "<group>"; };
		A9E91F7C2CF1060100475BB1 /* DataController.swift */ = {isa = PBXFileReference; lastKnownFileType = sourcecode.swift; path = DataController.swift; sourceTree = "<group>"; };
/* End PBXFileReference section */

/* Begin PBXFileSystemSynchronizedRootGroup section */
		A9E91F322CEE628100475BB1 /* GratitudeJournalTests */ = {
			isa = PBXFileSystemSynchronizedRootGroup;
			path = GratitudeJournalTests;
			sourceTree = "<group>";
		};
		A9E91F5A2CEE643A00475BB1 /* Preview Content */ = {
			isa = PBXFileSystemSynchronizedRootGroup;
			path = "Preview Content";
			sourceTree = "<group>";
		};
/* End PBXFileSystemSynchronizedRootGroup section */

/* Begin PBXFrameworksBuildPhase section */
		A9E91F192CEE628000475BB1 /* Frameworks */ = {
			isa = PBXFrameworksBuildPhase;
			buildActionMask = 2147483647;
			files = (
			);
			runOnlyForDeploymentPostprocessing = 0;
		};
		A9E91F2C2CEE628100475BB1 /* Frameworks */ = {
			isa = PBXFrameworksBuildPhase;
			buildActionMask = 2147483647;
			files = (
			);
			runOnlyForDeploymentPostprocessing = 0;
		};
/* End PBXFrameworksBuildPhase section */

/* Begin PBXGroup section */
		A9E91F132CEE628000475BB1 = {
			isa = PBXGroup;
			children = (
				A9E91F572CEE640100475BB1 /* GratitudeJournal */,
				A9E91F322CEE628100475BB1 /* GratitudeJournalTests */,
				A9E91F1D2CEE628000475BB1 /* Products */,
			);
			sourceTree = "<group>";
		};
		A9E91F1D2CEE628000475BB1 /* Products */ = {
			isa = PBXGroup;
			children = (
				A9E91F1C2CEE628000475BB1 /* GratitudeJournal.app */,
				A9E91F2F2CEE628100475BB1 /* GratitudeJournalTests.xctest */,
			);
			name = Products;
			sourceTree = "<group>";
		};
		A9E91F572CEE640100475BB1 /* GratitudeJournal */ = {
			isa = PBXGroup;
			children = (
				A9E91F272CEE628100475BB1 /* GratitudeJournal.entitlements */,
				A9E91F1F2CEE628000475BB1 /* GratitudeJournalApp.swift */,
				A9E91F792CF105D200475BB1 /* Controller */,
				A9E91F5D2CEE646F00475BB1 /* Data */,
				A9E91F5C2CEE646800475BB1 /* Features */,
				A9E91F582CEE641E00475BB1 /* Resources */,
			);
			path = GratitudeJournal;
			sourceTree = "<group>";
		};
		A9E91F582CEE641E00475BB1 /* Resources */ = {
			isa = PBXGroup;
			children = (
				A9E91F5A2CEE643A00475BB1 /* Preview Content */,
				A9E91F252CEE628100475BB1 /* Assets.xcassets */,
			);
			path = Resources;
			sourceTree = "<group>";
		};
		A9E91F5C2CEE646800475BB1 /* Features */ = {
			isa = PBXGroup;
			children = (
				A9E91F602CEE649700475BB1 /* EntryDetail */,
				A9E91F7E2CF1114E00475BB1 /* Journal */,
				A9E91F5E2CEE648700475BB1 /* Main */,
				A9E91F5F2CEE649000475BB1 /* Settings */,
			);
			path = Features;
			sourceTree = "<group>";
		};
		A9E91F5D2CEE646F00475BB1 /* Data */ = {
			isa = PBXGroup;
			children = (
				A9E91F232CEE628000475BB1 /* Entry.swift */,
				A9E91F612CEE6B4E00475BB1 /* User.swift */,
				A9E91F772CF1059800475BB1 /* ModelContext.swift */,
			);
			path = Data;
			sourceTree = "<group>";
		};
		A9E91F5E2CEE648700475BB1 /* Main */ = {
			isa = PBXGroup;
			children = (
				A9E91F6B2CF0F7D500475BB1 /* MainView.swift */,
				A9E91F6D2CF0F7F600475BB1 /* MainViewModel.swift */,
			);
			path = Main;
			sourceTree = "<group>";
		};
		A9E91F5F2CEE649000475BB1 /* Settings */ = {
			isa = PBXGroup;
			children = (
				A9E91F6F2CF0FEA600475BB1 /* SettingsView.swift */,
			);
			path = Settings;
			sourceTree = "<group>";
		};
		A9E91F602CEE649700475BB1 /* EntryDetail */ = {
			isa = PBXGroup;
			children = (
				A9E91F732CF102FD00475BB1 /* EntryDetailView.swift */,
				A9E91F752CF1031E00475BB1 /* EntryDetailViewModel.swift */,
			);
			path = EntryDetail;
			sourceTree = "<group>";
		};
		A9E91F792CF105D200475BB1 /* Controller */ = {
			isa = PBXGroup;
			children = (
				A9E91F7C2CF1060100475BB1 /* DataController.swift */,
			);
			path = Controller;
			sourceTree = "<group>";
		};
		A9E91F7E2CF1114E00475BB1 /* Journal */ = {
			isa = PBXGroup;
			children = (
				A9E91F212CEE628000475BB1 /* JournalView.swift */,
				A9E91F632CEE6D0300475BB1 /* JournalViewModel.swift */,
			);
			path = Journal;
			sourceTree = "<group>";
		};
/* End PBXGroup section */

/* Begin PBXNativeTarget section */
		A9E91F1B2CEE628000475BB1 /* GratitudeJournal */ = {
			isa = PBXNativeTarget;
			buildConfigurationList = A9E91F432CEE628100475BB1 /* Build configuration list for PBXNativeTarget "GratitudeJournal" */;
			buildPhases = (
				A9E91F182CEE628000475BB1 /* Sources */,
				A9E91F192CEE628000475BB1 /* Frameworks */,
				A9E91F1A2CEE628000475BB1 /* Resources */,
			);
			buildRules = (
			);
			dependencies = (
			);
			fileSystemSynchronizedGroups = (
				A9E91F5A2CEE643A00475BB1 /* Preview Content */,
			);
			name = GratitudeJournal;
			packageProductDependencies = (
			);
			productName = GratitudeJournal;
			productReference = A9E91F1C2CEE628000475BB1 /* GratitudeJournal.app */;
			productType = "com.apple.product-type.application";
		};
		A9E91F2E2CEE628100475BB1 /* GratitudeJournalTests */ = {
			isa = PBXNativeTarget;
			buildConfigurationList = A9E91F462CEE628100475BB1 /* Build configuration list for PBXNativeTarget "GratitudeJournalTests" */;
			buildPhases = (
				A9E91F2B2CEE628100475BB1 /* Sources */,
				A9E91F2C2CEE628100475BB1 /* Frameworks */,
				A9E91F2D2CEE628100475BB1 /* Resources */,
			);
			buildRules = (
			);
			dependencies = (
				A9E91F312CEE628100475BB1 /* PBXTargetDependency */,
			);
			fileSystemSynchronizedGroups = (
				A9E91F322CEE628100475BB1 /* GratitudeJournalTests */,
			);
			name = GratitudeJournalTests;
			packageProductDependencies = (
			);
			productName = GratitudeJournalTests;
			productReference = A9E91F2F2CEE628100475BB1 /* GratitudeJournalTests.xctest */;
			productType = "com.apple.product-type.bundle.unit-test";
		};
/* End PBXNativeTarget section */

/* Begin PBXProject section */
		A9E91F142CEE628000475BB1 /* Project object */ = {
			isa = PBXProject;
			attributes = {
				BuildIndependentTargetsInParallel = 1;
				LastSwiftUpdateCheck = 1610;
				LastUpgradeCheck = 1610;
				TargetAttributes = {
					A9E91F1B2CEE628000475BB1 = {
						CreatedOnToolsVersion = 16.1;
					};
					A9E91F2E2CEE628100475BB1 = {
						CreatedOnToolsVersion = 16.1;
						TestTargetID = A9E91F1B2CEE628000475BB1;
					};
				};
			};
			buildConfigurationList = A9E91F172CEE628000475BB1 /* Build configuration list for PBXProject "GratitudeJournal" */;
			developmentRegion = en;
			hasScannedForEncodings = 0;
			knownRegions = (
				en,
				Base,
			);
			mainGroup = A9E91F132CEE628000475BB1;
			minimizedProjectReferenceProxies = 1;
			preferredProjectObjectVersion = 77;
			productRefGroup = A9E91F1D2CEE628000475BB1 /* Products */;
			projectDirPath = "";
			projectRoot = "";
			targets = (
				A9E91F1B2CEE628000475BB1 /* GratitudeJournal */,
				A9E91F2E2CEE628100475BB1 /* GratitudeJournalTests */,
			);
		};
/* End PBXProject section */

/* Begin PBXResourcesBuildPhase section */
		A9E91F1A2CEE628000475BB1 /* Resources */ = {
			isa = PBXResourcesBuildPhase;
			buildActionMask = 2147483647;
			files = (
				A9E91F262CEE628100475BB1 /* Assets.xcassets in Resources */,
			);
			runOnlyForDeploymentPostprocessing = 0;
		};
		A9E91F2D2CEE628100475BB1 /* Resources */ = {
			isa = PBXResourcesBuildPhase;
			buildActionMask = 2147483647;
			files = (
			);
			runOnlyForDeploymentPostprocessing = 0;
		};
/* End PBXResourcesBuildPhase section */

/* Begin PBXSourcesBuildPhase section */
		A9E91F182CEE628000475BB1 /* Sources */ = {
			isa = PBXSourcesBuildPhase;
			buildActionMask = 2147483647;
			files = (
				A9E91F6E2CF0F7F600475BB1 /* MainViewModel.swift in Sources */,
				A9E91F702CF0FEA600475BB1 /* SettingsView.swift in Sources */,
				A9E91F762CF1031E00475BB1 /* EntryDetailViewModel.swift in Sources */,
				A9E91F622CEE6B5300475BB1 /* User.swift in Sources */,
				A9E91F6C2CF0F7D500475BB1 /* MainView.swift in Sources */,
				A9E91F782CF105A200475BB1 /* ModelContext.swift in Sources */,
				A9E91F222CEE628000475BB1 /* JournalView.swift in Sources */,
				A9E91F242CEE628000475BB1 /* Entry.swift in Sources */,
				A9E91F742CF102FD00475BB1 /* EntryDetailView.swift in Sources */,
				A9E91F7D2CF1060600475BB1 /* DataController.swift in Sources */,
				A9E91F642CEE6D0900475BB1 /* JournalViewModel.swift in Sources */,
				A9E91F202CEE628000475BB1 /* GratitudeJournalApp.swift in Sources */,
			);
			runOnlyForDeploymentPostprocessing = 0;
		};
		A9E91F2B2CEE628100475BB1 /* Sources */ = {
			isa = PBXSourcesBuildPhase;
			buildActionMask = 2147483647;
			files = (
			);
			runOnlyForDeploymentPostprocessing = 0;
		};
/* End PBXSourcesBuildPhase section */

/* Begin PBXTargetDependency section */
		A9E91F312CEE628100475BB1 /* PBXTargetDependency */ = {
			isa = PBXTargetDependency;
			target = A9E91F1B2CEE628000475BB1 /* GratitudeJournal */;
			targetProxy = A9E91F302CEE628100475BB1 /* PBXContainerItemProxy */;
		};
/* End PBXTargetDependency section */

/* Begin XCBuildConfiguration section */
		A9E91F412CEE628100475BB1 /* Debug */ = {
			isa = XCBuildConfiguration;
			buildSettings = {
				ALWAYS_SEARCH_USER_PATHS = NO;
				ASSETCATALOG_COMPILER_GENERATE_SWIFT_ASSET_SYMBOL_EXTENSIONS = YES;
				CLANG_ANALYZER_NONNULL = YES;
				CLANG_ANALYZER_NUMBER_OBJECT_CONVERSION = YES_AGGRESSIVE;
				CLANG_CXX_LANGUAGE_STANDARD = "gnu++20";
				CLANG_ENABLE_MODULES = YES;
				CLANG_ENABLE_OBJC_ARC = YES;
				CLANG_ENABLE_OBJC_WEAK = YES;
				CLANG_WARN_BLOCK_CAPTURE_AUTORELEASING = YES;
				CLANG_WARN_BOOL_CONVERSION = YES;
				CLANG_WARN_COMMA = YES;
				CLANG_WARN_CONSTANT_CONVERSION = YES;
				CLANG_WARN_DEPRECATED_OBJC_IMPLEMENTATIONS = YES;
				CLANG_WARN_DIRECT_OBJC_ISA_USAGE = YES_ERROR;
				CLANG_WARN_DOCUMENTATION_COMMENTS = YES;
				CLANG_WARN_EMPTY_BODY = YES;
				CLANG_WARN_ENUM_CONVERSION = YES;
				CLANG_WARN_INFINITE_RECURSION = YES;
				CLANG_WARN_INT_CONVERSION = YES;
				CLANG_WARN_NON_LITERAL_NULL_CONVERSION = YES;
				CLANG_WARN_OBJC_IMPLICIT_RETAIN_SELF = YES;
				CLANG_WARN_OBJC_LITERAL_CONVERSION = YES;
				CLANG_WARN_OBJC_ROOT_CLASS = YES_ERROR;
				CLANG_WARN_QUOTED_INCLUDE_IN_FRAMEWORK_HEADER = YES;
				CLANG_WARN_RANGE_LOOP_ANALYSIS = YES;
				CLANG_WARN_STRICT_PROTOTYPES = YES;
				CLANG_WARN_SUSPICIOUS_MOVE = YES;
				CLANG_WARN_UNGUARDED_AVAILABILITY = YES_AGGRESSIVE;
				CLANG_WARN_UNREACHABLE_CODE = YES;
				CLANG_WARN__DUPLICATE_METHOD_MATCH = YES;
				COPY_PHASE_STRIP = NO;
				DEBUG_INFORMATION_FORMAT = dwarf;
				ENABLE_STRICT_OBJC_MSGSEND = YES;
				ENABLE_TESTABILITY = YES;
				ENABLE_USER_SCRIPT_SANDBOXING = YES;
				GCC_C_LANGUAGE_STANDARD = gnu17;
				GCC_DYNAMIC_NO_PIC = NO;
				GCC_NO_COMMON_BLOCKS = YES;
				GCC_OPTIMIZATION_LEVEL = 0;
				GCC_PREPROCESSOR_DEFINITIONS = (
					"DEBUG=1",
					"$(inherited)",
				);
				GCC_WARN_64_TO_32_BIT_CONVERSION = YES;
				GCC_WARN_ABOUT_RETURN_TYPE = YES_ERROR;
				GCC_WARN_UNDECLARED_SELECTOR = YES;
				GCC_WARN_UNINITIALIZED_AUTOS = YES_AGGRESSIVE;
				GCC_WARN_UNUSED_FUNCTION = YES;
				GCC_WARN_UNUSED_VARIABLE = YES;
				LOCALIZATION_PREFERS_STRING_CATALOGS = YES;
				MTL_ENABLE_DEBUG_INFO = INCLUDE_SOURCE;
				MTL_FAST_MATH = YES;
				ONLY_ACTIVE_ARCH = YES;
				SWIFT_ACTIVE_COMPILATION_CONDITIONS = "DEBUG $(inherited)";
				SWIFT_OPTIMIZATION_LEVEL = "-Onone";
			};
			name = Debug;
		};
		A9E91F422CEE628100475BB1 /* Release */ = {
			isa = XCBuildConfiguration;
			buildSettings = {
				ALWAYS_SEARCH_USER_PATHS = NO;
				ASSETCATALOG_COMPILER_GENERATE_SWIFT_ASSET_SYMBOL_EXTENSIONS = YES;
				CLANG_ANALYZER_NONNULL = YES;
				CLANG_ANALYZER_NUMBER_OBJECT_CONVERSION = YES_AGGRESSIVE;
				CLANG_CXX_LANGUAGE_STANDARD = "gnu++20";
				CLANG_ENABLE_MODULES = YES;
				CLANG_ENABLE_OBJC_ARC = YES;
				CLANG_ENABLE_OBJC_WEAK = YES;
				CLANG_WARN_BLOCK_CAPTURE_AUTORELEASING = YES;
				CLANG_WARN_BOOL_CONVERSION = YES;
				CLANG_WARN_COMMA = YES;
				CLANG_WARN_CONSTANT_CONVERSION = YES;
				CLANG_WARN_DEPRECATED_OBJC_IMPLEMENTATIONS = YES;
				CLANG_WARN_DIRECT_OBJC_ISA_USAGE = YES_ERROR;
				CLANG_WARN_DOCUMENTATION_COMMENTS = YES;
				CLANG_WARN_EMPTY_BODY = YES;
				CLANG_WARN_ENUM_CONVERSION = YES;
				CLANG_WARN_INFINITE_RECURSION = YES;
				CLANG_WARN_INT_CONVERSION = YES;
				CLANG_WARN_NON_LITERAL_NULL_CONVERSION = YES;
				CLANG_WARN_OBJC_IMPLICIT_RETAIN_SELF = YES;
				CLANG_WARN_OBJC_LITERAL_CONVERSION = YES;
				CLANG_WARN_OBJC_ROOT_CLASS = YES_ERROR;
				CLANG_WARN_QUOTED_INCLUDE_IN_FRAMEWORK_HEADER = YES;
				CLANG_WARN_RANGE_LOOP_ANALYSIS = YES;
				CLANG_WARN_STRICT_PROTOTYPES = YES;
				CLANG_WARN_SUSPICIOUS_MOVE = YES;
				CLANG_WARN_UNGUARDED_AVAILABILITY = YES_AGGRESSIVE;
				CLANG_WARN_UNREACHABLE_CODE = YES;
				CLANG_WARN__DUPLICATE_METHOD_MATCH = YES;
				COPY_PHASE_STRIP = NO;
				DEBUG_INFORMATION_FORMAT = "dwarf-with-dsym";
				ENABLE_NS_ASSERTIONS = NO;
				ENABLE_STRICT_OBJC_MSGSEND = YES;
				ENABLE_USER_SCRIPT_SANDBOXING = YES;
				GCC_C_LANGUAGE_STANDARD = gnu17;
				GCC_NO_COMMON_BLOCKS = YES;
				GCC_WARN_64_TO_32_BIT_CONVERSION = YES;
				GCC_WARN_ABOUT_RETURN_TYPE = YES_ERROR;
				GCC_WARN_UNDECLARED_SELECTOR = YES;
				GCC_WARN_UNINITIALIZED_AUTOS = YES_AGGRESSIVE;
				GCC_WARN_UNUSED_FUNCTION = YES;
				GCC_WARN_UNUSED_VARIABLE = YES;
				LOCALIZATION_PREFERS_STRING_CATALOGS = YES;
				MTL_ENABLE_DEBUG_INFO = NO;
				MTL_FAST_MATH = YES;
				SWIFT_COMPILATION_MODE = wholemodule;
			};
			name = Release;
		};
		A9E91F442CEE628100475BB1 /* Debug */ = {
			isa = XCBuildConfiguration;
			buildSettings = {
				ASSETCATALOG_COMPILER_APPICON_NAME = AppIcon;
				ASSETCATALOG_COMPILER_GLOBAL_ACCENT_COLOR_NAME = AccentColor;
				CODE_SIGN_ENTITLEMENTS = GratitudeJournal/GratitudeJournal.entitlements;
				CODE_SIGN_STYLE = Automatic;
				CURRENT_PROJECT_VERSION = 24001;
				DEVELOPMENT_ASSET_PATHS = "\"GratitudeJournal/Resources/Preview Content\"";
				DEVELOPMENT_TEAM = L42JP6V96L;
				ENABLE_HARDENED_RUNTIME = YES;
				ENABLE_PREVIEWS = YES;
				GENERATE_INFOPLIST_FILE = YES;
				INFOPLIST_KEY_CFBundleDisplayName = "Gratitude Journal";
				"INFOPLIST_KEY_UIApplicationSceneManifest_Generation[sdk=iphoneos*]" = YES;
				"INFOPLIST_KEY_UIApplicationSceneManifest_Generation[sdk=iphonesimulator*]" = YES;
				"INFOPLIST_KEY_UIApplicationSupportsIndirectInputEvents[sdk=iphoneos*]" = YES;
				"INFOPLIST_KEY_UIApplicationSupportsIndirectInputEvents[sdk=iphonesimulator*]" = YES;
				"INFOPLIST_KEY_UILaunchScreen_Generation[sdk=iphoneos*]" = YES;
				"INFOPLIST_KEY_UILaunchScreen_Generation[sdk=iphonesimulator*]" = YES;
				"INFOPLIST_KEY_UIStatusBarStyle[sdk=iphoneos*]" = UIStatusBarStyleDefault;
				"INFOPLIST_KEY_UIStatusBarStyle[sdk=iphonesimulator*]" = UIStatusBarStyleDefault;
				INFOPLIST_KEY_UISupportedInterfaceOrientations_iPad = "UIInterfaceOrientationPortrait UIInterfaceOrientationPortraitUpsideDown UIInterfaceOrientationLandscapeLeft UIInterfaceOrientationLandscapeRight";
				INFOPLIST_KEY_UISupportedInterfaceOrientations_iPhone = "UIInterfaceOrientationPortrait UIInterfaceOrientationLandscapeLeft UIInterfaceOrientationLandscapeRight";
				IPHONEOS_DEPLOYMENT_TARGET = 17.4;
				LD_RUNPATH_SEARCH_PATHS = "@executable_path/Frameworks";
				"LD_RUNPATH_SEARCH_PATHS[sdk=macosx*]" = "@executable_path/../Frameworks";
				MACOSX_DEPLOYMENT_TARGET = 14.0;
				MARKETING_VERSION = 1.0;
				PRODUCT_BUNDLE_IDENTIFIER = com.marcowenzel.GratitudeJournal;
				PRODUCT_NAME = "$(TARGET_NAME)";
				SDKROOT = auto;
				SUPPORTED_PLATFORMS = "iphoneos iphonesimulator";
				SUPPORTS_MACCATALYST = NO;
				SWIFT_EMIT_LOC_STRINGS = YES;
				SWIFT_VERSION = 5.0;
				TARGETED_DEVICE_FAMILY = 1;
				XROS_DEPLOYMENT_TARGET = 2.1;
			};
			name = Debug;
		};
		A9E91F452CEE628100475BB1 /* Release */ = {
			isa = XCBuildConfiguration;
			buildSettings = {
				ASSETCATALOG_COMPILER_APPICON_NAME = AppIcon;
				ASSETCATALOG_COMPILER_GLOBAL_ACCENT_COLOR_NAME = AccentColor;
				CODE_SIGN_ENTITLEMENTS = GratitudeJournal/GratitudeJournal.entitlements;
				CODE_SIGN_STYLE = Automatic;
				CURRENT_PROJECT_VERSION = 24001;
				DEVELOPMENT_ASSET_PATHS = "\"GratitudeJournal/Resources/Preview Content\"";
				DEVELOPMENT_TEAM = L42JP6V96L;
				ENABLE_HARDENED_RUNTIME = YES;
				ENABLE_PREVIEWS = YES;
				GENERATE_INFOPLIST_FILE = YES;
				INFOPLIST_KEY_CFBundleDisplayName = "Gratitude Journal";
				"INFOPLIST_KEY_UIApplicationSceneManifest_Generation[sdk=iphoneos*]" = YES;
				"INFOPLIST_KEY_UIApplicationSceneManifest_Generation[sdk=iphonesimulator*]" = YES;
				"INFOPLIST_KEY_UIApplicationSupportsIndirectInputEvents[sdk=iphoneos*]" = YES;
				"INFOPLIST_KEY_UIApplicationSupportsIndirectInputEvents[sdk=iphonesimulator*]" = YES;
				"INFOPLIST_KEY_UILaunchScreen_Generation[sdk=iphoneos*]" = YES;
				"INFOPLIST_KEY_UILaunchScreen_Generation[sdk=iphonesimulator*]" = YES;
				"INFOPLIST_KEY_UIStatusBarStyle[sdk=iphoneos*]" = UIStatusBarStyleDefault;
				"INFOPLIST_KEY_UIStatusBarStyle[sdk=iphonesimulator*]" = UIStatusBarStyleDefault;
				INFOPLIST_KEY_UISupportedInterfaceOrientations_iPad = "UIInterfaceOrientationPortrait UIInterfaceOrientationPortraitUpsideDown UIInterfaceOrientationLandscapeLeft UIInterfaceOrientationLandscapeRight";
				INFOPLIST_KEY_UISupportedInterfaceOrientations_iPhone = "UIInterfaceOrientationPortrait UIInterfaceOrientationLandscapeLeft UIInterfaceOrientationLandscapeRight";
				IPHONEOS_DEPLOYMENT_TARGET = 17.4;
				LD_RUNPATH_SEARCH_PATHS = "@executable_path/Frameworks";
				"LD_RUNPATH_SEARCH_PATHS[sdk=macosx*]" = "@executable_path/../Frameworks";
				MACOSX_DEPLOYMENT_TARGET = 14.0;
				MARKETING_VERSION = 1.0;
				PRODUCT_BUNDLE_IDENTIFIER = com.marcowenzel.GratitudeJournal;
				PRODUCT_NAME = "$(TARGET_NAME)";
				SDKROOT = auto;
				SUPPORTED_PLATFORMS = "iphoneos iphonesimulator";
				SUPPORTS_MACCATALYST = NO;
				SWIFT_EMIT_LOC_STRINGS = YES;
				SWIFT_VERSION = 5.0;
				TARGETED_DEVICE_FAMILY = 1;
				XROS_DEPLOYMENT_TARGET = 2.1;
			};
			name = Release;
		};
		A9E91F472CEE628100475BB1 /* Debug */ = {
			isa = XCBuildConfiguration;
			buildSettings = {
				BUNDLE_LOADER = "$(TEST_HOST)";
				CODE_SIGN_STYLE = Automatic;
				CURRENT_PROJECT_VERSION = 1;
				DEVELOPMENT_TEAM = L42JP6V96L;
				GENERATE_INFOPLIST_FILE = YES;
				IPHONEOS_DEPLOYMENT_TARGET = 18.1;
				MACOSX_DEPLOYMENT_TARGET = 15.0;
				MARKETING_VERSION = 1.0;
				PRODUCT_BUNDLE_IDENTIFIER = com.marcowenzel.GratitudeJournalTests;
				PRODUCT_NAME = "$(TARGET_NAME)";
				SDKROOT = auto;
				SUPPORTED_PLATFORMS = "iphoneos iphonesimulator macosx xros xrsimulator";
				SWIFT_EMIT_LOC_STRINGS = NO;
				SWIFT_VERSION = 5.0;
				TARGETED_DEVICE_FAMILY = "1,2,7";
				TEST_HOST = "$(BUILT_PRODUCTS_DIR)/GratitudeJournal.app/$(BUNDLE_EXECUTABLE_FOLDER_PATH)/GratitudeJournal";
				XROS_DEPLOYMENT_TARGET = 2.1;
			};
			name = Debug;
		};
		A9E91F482CEE628100475BB1 /* Release */ = {
			isa = XCBuildConfiguration;
			buildSettings = {
				BUNDLE_LOADER = "$(TEST_HOST)";
				CODE_SIGN_STYLE = Automatic;
				CURRENT_PROJECT_VERSION = 1;
				DEVELOPMENT_TEAM = L42JP6V96L;
				GENERATE_INFOPLIST_FILE = YES;
				IPHONEOS_DEPLOYMENT_TARGET = 18.1;
				MACOSX_DEPLOYMENT_TARGET = 15.0;
				MARKETING_VERSION = 1.0;
				PRODUCT_BUNDLE_IDENTIFIER = com.marcowenzel.GratitudeJournalTests;
				PRODUCT_NAME = "$(TARGET_NAME)";
				SDKROOT = auto;
				SUPPORTED_PLATFORMS = "iphoneos iphonesimulator macosx xros xrsimulator";
				SWIFT_EMIT_LOC_STRINGS = NO;
				SWIFT_VERSION = 5.0;
				TARGETED_DEVICE_FAMILY = "1,2,7";
				TEST_HOST = "$(BUILT_PRODUCTS_DIR)/GratitudeJournal.app/$(BUNDLE_EXECUTABLE_FOLDER_PATH)/GratitudeJournal";
				XROS_DEPLOYMENT_TARGET = 2.1;
			};
			name = Release;
		};
/* End XCBuildConfiguration section */

/* Begin XCConfigurationList section */
		A9E91F172CEE628000475BB1 /* Build configuration list for PBXProject "GratitudeJournal" */ = {
			isa = XCConfigurationList;
			buildConfigurations = (
				A9E91F412CEE628100475BB1 /* Debug */,
				A9E91F422CEE628100475BB1 /* Release */,
			);
			defaultConfigurationIsVisible = 0;
			defaultConfigurationName = Release;
		};
		A9E91F432CEE628100475BB1 /* Build configuration list for PBXNativeTarget "GratitudeJournal" */ = {
			isa = XCConfigurationList;
			buildConfigurations = (
				A9E91F442CEE628100475BB1 /* Debug */,
				A9E91F452CEE628100475BB1 /* Release */,
			);
			defaultConfigurationIsVisible = 0;
			defaultConfigurationName = Release;
		};
		A9E91F462CEE628100475BB1 /* Build configuration list for PBXNativeTarget "GratitudeJournalTests" */ = {
			isa = XCConfigurationList;
			buildConfigurations = (
				A9E91F472CEE628100475BB1 /* Debug */,
				A9E91F482CEE628100475BB1 /* Release */,
			);
			defaultConfigurationIsVisible = 0;
			defaultConfigurationName = Release;
		};
/* End XCConfigurationList section */
	};
	rootObject = A9E91F142CEE628000475BB1 /* Project object */;
}
